// !$*UTF8*$!
{
	archiveVersion = 1;
	classes = {
	};
	objectVersion = 56;
	objects = {

/* Begin PBXBuildFile section */
		1B28A4452B3D508C0061E874 /* AppDelegate.swift in Sources */ = {isa = PBXBuildFile; fileRef = 1B28A4442B3D508C0061E874 /* AppDelegate.swift */; };
		1B28A4472B3D508C0061E874 /* SceneDelegate.swift in Sources */ = {isa = PBXBuildFile; fileRef = 1B28A4462B3D508C0061E874 /* SceneDelegate.swift */; };
		1B28A4492B3D508C0061E874 /* ImagesListViewController.swift in Sources */ = {isa = PBXBuildFile; fileRef = 1B28A4482B3D508C0061E874 /* ImagesListViewController.swift */; };
		1B28A44C2B3D508C0061E874 /* Main.storyboard in Resources */ = {isa = PBXBuildFile; fileRef = 1B28A44A2B3D508C0061E874 /* Main.storyboard */; };
		1B28A44E2B3D508E0061E874 /* Assets.xcassets in Resources */ = {isa = PBXBuildFile; fileRef = 1B28A44D2B3D508E0061E874 /* Assets.xcassets */; };
		1B28A4512B3D508E0061E874 /* LaunchScreen.storyboard in Resources */ = {isa = PBXBuildFile; fileRef = 1B28A44F2B3D508E0061E874 /* LaunchScreen.storyboard */; };
		1B4DD9892B70BB47004DCC35 /* SplashViewController.swift in Sources */ = {isa = PBXBuildFile; fileRef = 1B4DD9882B70BB47004DCC35 /* SplashViewController.swift */; };
		1B5017802B58EDD200CEE9E6 /* ProfileViewController.swift in Sources */ = {isa = PBXBuildFile; fileRef = 1B50177F2B58EDD200CEE9E6 /* ProfileViewController.swift */; };
		1B65FB8B2B8A4782006D914F /* UIBlockingProgressHUD.swift in Sources */ = {isa = PBXBuildFile; fileRef = 1B65FB8A2B8A4782006D914F /* UIBlockingProgressHUD.swift */; };
		1B65FB8D2B8A6847006D914F /* ProfileService.swift in Sources */ = {isa = PBXBuildFile; fileRef = 1B65FB8C2B8A6847006D914F /* ProfileService.swift */; };
		1B65FB8F2B8A6874006D914F /* ProfileResponse.swift in Sources */ = {isa = PBXBuildFile; fileRef = 1B65FB8E2B8A6874006D914F /* ProfileResponse.swift */; };
		1B65FB912B8B9F42006D914F /* ProfileModel.swift in Sources */ = {isa = PBXBuildFile; fileRef = 1B65FB902B8B9F42006D914F /* ProfileModel.swift */; };
		1B65FB932B8C7881006D914F /* ProfileImageService.swift in Sources */ = {isa = PBXBuildFile; fileRef = 1B65FB922B8C7881006D914F /* ProfileImageService.swift */; };
		1B65FB952B8C78EF006D914F /* UserResponce.swift in Sources */ = {isa = PBXBuildFile; fileRef = 1B65FB942B8C78EF006D914F /* UserResponce.swift */; };
		1B65FB992B8F0C62006D914F /* URLSession+data.swift in Sources */ = {isa = PBXBuildFile; fileRef = 1B65FB982B8F0C62006D914F /* URLSession+data.swift */; };
		1B927FB82B57C0DA003E0030 /* Date + Extension.swift in Sources */ = {isa = PBXBuildFile; fileRef = 1B927FB72B57C0DA003E0030 /* Date + Extension.swift */; };
		1BB3A9902B7F6D27006329D0 /* ProgressHUD in Frameworks */ = {isa = PBXBuildFile; productRef = 1BB3A98F2B7F6D27006329D0 /* ProgressHUD */; };
		1BB8455C2B6BFD4800626DE1 /* Constants.swift in Sources */ = {isa = PBXBuildFile; fileRef = 1BB8455B2B6BFD4800626DE1 /* Constants.swift */; };
		1BB8455F2B6C035600626DE1 /* AuthViewController.swift in Sources */ = {isa = PBXBuildFile; fileRef = 1BB8455E2B6C035600626DE1 /* AuthViewController.swift */; };
		1BB845612B6C0E3F00626DE1 /* WebViewViewController.swift in Sources */ = {isa = PBXBuildFile; fileRef = 1BB845602B6C0E3F00626DE1 /* WebViewViewController.swift */; };
		1BBC92D32B6E5C230003F386 /* OAuthTokenResponseBody.swift in Sources */ = {isa = PBXBuildFile; fileRef = 1BBC92D22B6E5C230003F386 /* OAuthTokenResponseBody.swift */; };
		1BBC92D62B6E5FC30003F386 /* OAuth2Service.swift in Sources */ = {isa = PBXBuildFile; fileRef = 1BBC92D52B6E5FC30003F386 /* OAuth2Service.swift */; };
		1BBC92D82B6E6EBD0003F386 /* OAuth2TokenStorage.swift in Sources */ = {isa = PBXBuildFile; fileRef = 1BBC92D72B6E6EBD0003F386 /* OAuth2TokenStorage.swift */; };
		1BBC92DA2B6FEF380003F386 /* HTTPMethod.swift in Sources */ = {isa = PBXBuildFile; fileRef = 1BBC92D92B6FEF380003F386 /* HTTPMethod.swift */; };
		1BD0B3FD2B597B44001D4CE3 /* SingleImageViewController.swift in Sources */ = {isa = PBXBuildFile; fileRef = 1BD0B3FC2B597B44001D4CE3 /* SingleImageViewController.swift */; };
		1BF87D942B430A13003A8E29 /* ImagesListCell.swift in Sources */ = {isa = PBXBuildFile; fileRef = 1BF87D932B430A13003A8E29 /* ImagesListCell.swift */; };
/* End PBXBuildFile section */

/* Begin PBXFileReference section */
		1B28A4412B3D508C0061E874 /* ImageFeed.app */ = {isa = PBXFileReference; explicitFileType = wrapper.application; includeInIndex = 0; path = ImageFeed.app; sourceTree = BUILT_PRODUCTS_DIR; };
		1B28A4442B3D508C0061E874 /* AppDelegate.swift */ = {isa = PBXFileReference; lastKnownFileType = sourcecode.swift; path = AppDelegate.swift; sourceTree = "<group>"; };
		1B28A4462B3D508C0061E874 /* SceneDelegate.swift */ = {isa = PBXFileReference; lastKnownFileType = sourcecode.swift; path = SceneDelegate.swift; sourceTree = "<group>"; };
		1B28A4482B3D508C0061E874 /* ImagesListViewController.swift */ = {isa = PBXFileReference; lastKnownFileType = sourcecode.swift; path = ImagesListViewController.swift; sourceTree = "<group>"; };
		1B28A44B2B3D508C0061E874 /* Base */ = {isa = PBXFileReference; lastKnownFileType = file.storyboard; name = Base; path = Base.lproj/Main.storyboard; sourceTree = "<group>"; };
		1B28A44D2B3D508E0061E874 /* Assets.xcassets */ = {isa = PBXFileReference; lastKnownFileType = folder.assetcatalog; path = Assets.xcassets; sourceTree = "<group>"; };
		1B28A4502B3D508E0061E874 /* Base */ = {isa = PBXFileReference; lastKnownFileType = file.storyboard; name = Base; path = Base.lproj/LaunchScreen.storyboard; sourceTree = "<group>"; };
		1B28A4522B3D508E0061E874 /* Info.plist */ = {isa = PBXFileReference; lastKnownFileType = text.plist.xml; path = Info.plist; sourceTree = "<group>"; };
		1B4DD9882B70BB47004DCC35 /* SplashViewController.swift */ = {isa = PBXFileReference; lastKnownFileType = sourcecode.swift; path = SplashViewController.swift; sourceTree = "<group>"; };
		1B50177F2B58EDD200CEE9E6 /* ProfileViewController.swift */ = {isa = PBXFileReference; lastKnownFileType = sourcecode.swift; path = ProfileViewController.swift; sourceTree = "<group>"; };
		1B65FB8A2B8A4782006D914F /* UIBlockingProgressHUD.swift */ = {isa = PBXFileReference; lastKnownFileType = sourcecode.swift; path = UIBlockingProgressHUD.swift; sourceTree = "<group>"; };
		1B65FB8C2B8A6847006D914F /* ProfileService.swift */ = {isa = PBXFileReference; lastKnownFileType = sourcecode.swift; path = ProfileService.swift; sourceTree = "<group>"; };
		1B65FB8E2B8A6874006D914F /* ProfileResponse.swift */ = {isa = PBXFileReference; lastKnownFileType = sourcecode.swift; path = ProfileResponse.swift; sourceTree = "<group>"; };
		1B65FB902B8B9F42006D914F /* ProfileModel.swift */ = {isa = PBXFileReference; lastKnownFileType = sourcecode.swift; path = ProfileModel.swift; sourceTree = "<group>"; };
		1B65FB922B8C7881006D914F /* ProfileImageService.swift */ = {isa = PBXFileReference; lastKnownFileType = sourcecode.swift; path = ProfileImageService.swift; sourceTree = "<group>"; };
		1B65FB942B8C78EF006D914F /* UserResponce.swift */ = {isa = PBXFileReference; lastKnownFileType = sourcecode.swift; path = UserResponce.swift; sourceTree = "<group>"; };
		1B65FB982B8F0C62006D914F /* URLSession+data.swift */ = {isa = PBXFileReference; lastKnownFileType = sourcecode.swift; path = "URLSession+data.swift"; sourceTree = "<group>"; };
		1B927FB72B57C0DA003E0030 /* Date + Extension.swift */ = {isa = PBXFileReference; lastKnownFileType = sourcecode.swift; path = "Date + Extension.swift"; sourceTree = "<group>"; };
		1BB8455B2B6BFD4800626DE1 /* Constants.swift */ = {isa = PBXFileReference; lastKnownFileType = sourcecode.swift; path = Constants.swift; sourceTree = "<group>"; };
		1BB8455E2B6C035600626DE1 /* AuthViewController.swift */ = {isa = PBXFileReference; lastKnownFileType = sourcecode.swift; path = AuthViewController.swift; sourceTree = "<group>"; };
		1BB845602B6C0E3F00626DE1 /* WebViewViewController.swift */ = {isa = PBXFileReference; lastKnownFileType = sourcecode.swift; path = WebViewViewController.swift; sourceTree = "<group>"; };
		1BBC92D22B6E5C230003F386 /* OAuthTokenResponseBody.swift */ = {isa = PBXFileReference; lastKnownFileType = sourcecode.swift; path = OAuthTokenResponseBody.swift; sourceTree = "<group>"; };
		1BBC92D52B6E5FC30003F386 /* OAuth2Service.swift */ = {isa = PBXFileReference; lastKnownFileType = sourcecode.swift; path = OAuth2Service.swift; sourceTree = "<group>"; };
		1BBC92D72B6E6EBD0003F386 /* OAuth2TokenStorage.swift */ = {isa = PBXFileReference; lastKnownFileType = sourcecode.swift; path = OAuth2TokenStorage.swift; sourceTree = "<group>"; };
		1BBC92D92B6FEF380003F386 /* HTTPMethod.swift */ = {isa = PBXFileReference; lastKnownFileType = sourcecode.swift; path = HTTPMethod.swift; sourceTree = "<group>"; };
		1BD0B3FC2B597B44001D4CE3 /* SingleImageViewController.swift */ = {isa = PBXFileReference; lastKnownFileType = sourcecode.swift; path = SingleImageViewController.swift; sourceTree = "<group>"; };
		1BF87D932B430A13003A8E29 /* ImagesListCell.swift */ = {isa = PBXFileReference; lastKnownFileType = sourcecode.swift; path = ImagesListCell.swift; sourceTree = "<group>"; };
/* End PBXFileReference section */

/* Begin PBXFrameworksBuildPhase section */
		1B28A43E2B3D508C0061E874 /* Frameworks */ = {
			isa = PBXFrameworksBuildPhase;
			buildActionMask = 2147483647;
			files = (
				1BB3A9902B7F6D27006329D0 /* ProgressHUD in Frameworks */,
			);
			runOnlyForDeploymentPostprocessing = 0;
		};
/* End PBXFrameworksBuildPhase section */

/* Begin PBXGroup section */
		1B28A4382B3D508C0061E874 = {
			isa = PBXGroup;
			children = (
				1B28A4432B3D508C0061E874 /* ImageFeed */,
				1B28A4422B3D508C0061E874 /* Products */,
			);
			sourceTree = "<group>";
		};
		1B28A4422B3D508C0061E874 /* Products */ = {
			isa = PBXGroup;
			children = (
				1B28A4412B3D508C0061E874 /* ImageFeed.app */,
			);
			name = Products;
			sourceTree = "<group>";
		};
		1B28A4432B3D508C0061E874 /* ImageFeed */ = {
			isa = PBXGroup;
			children = (
				1B4DD9872B70BB3D004DCC35 /* Splash */,
				1BBC92D12B6E5C150003F386 /* Models */,
				1BB8455D2B6C034600626DE1 /* Auth */,
				1BB8455A2B6BFD3F00626DE1 /* Services */,
				1BF87D952B430A5C003A8E29 /* ImagesList */,
				1B50177E2B58EDBC00CEE9E6 /* Profile */,
				1B28A4442B3D508C0061E874 /* AppDelegate.swift */,
				1B28A4462B3D508C0061E874 /* SceneDelegate.swift */,
				1B28A44A2B3D508C0061E874 /* Main.storyboard */,
				1B927FB62B57C0B6003E0030 /* Helpers */,
				1B28A4582B3D7DC60061E874 /* Resources */,
			);
			path = ImageFeed;
			sourceTree = "<group>";
		};
		1B28A4582B3D7DC60061E874 /* Resources */ = {
			isa = PBXGroup;
			children = (
				1B28A44D2B3D508E0061E874 /* Assets.xcassets */,
				1B28A44F2B3D508E0061E874 /* LaunchScreen.storyboard */,
				1B28A4522B3D508E0061E874 /* Info.plist */,
			);
			path = Resources;
			sourceTree = "<group>";
		};
		1B4DD9872B70BB3D004DCC35 /* Splash */ = {
			isa = PBXGroup;
			children = (
				1B4DD9882B70BB47004DCC35 /* SplashViewController.swift */,
			);
			path = Splash;
			sourceTree = "<group>";
		};
		1B50177E2B58EDBC00CEE9E6 /* Profile */ = {
			isa = PBXGroup;
			children = (
				1B50177F2B58EDD200CEE9E6 /* ProfileViewController.swift */,
			);
			path = Profile;
			sourceTree = "<group>";
		};
		1B927FB62B57C0B6003E0030 /* Helpers */ = {
			isa = PBXGroup;
			children = (
				1B927FB72B57C0DA003E0030 /* Date + Extension.swift */,
				1B65FB982B8F0C62006D914F /* URLSession+data.swift */,
			);
			path = Helpers;
			sourceTree = "<group>";
		};
		1BB8455A2B6BFD3F00626DE1 /* Services */ = {
			isa = PBXGroup;
			children = (
				1BBC92D42B6E5E860003F386 /* Network */,
				1BBC92D72B6E6EBD0003F386 /* OAuth2TokenStorage.swift */,
				1BB8455B2B6BFD4800626DE1 /* Constants.swift */,
				1B65FB8A2B8A4782006D914F /* UIBlockingProgressHUD.swift */,
			);
			path = Services;
			sourceTree = "<group>";
		};
		1BB8455D2B6C034600626DE1 /* Auth */ = {
			isa = PBXGroup;
			children = (
				1BB8455E2B6C035600626DE1 /* AuthViewController.swift */,
				1BB845602B6C0E3F00626DE1 /* WebViewViewController.swift */,
			);
			path = Auth;
			sourceTree = "<group>";
		};
		1BBC92D12B6E5C150003F386 /* Models */ = {
			isa = PBXGroup;
			children = (
				1BBC92D22B6E5C230003F386 /* OAuthTokenResponseBody.swift */,
				1B65FB8E2B8A6874006D914F /* ProfileResponse.swift */,
				1B65FB902B8B9F42006D914F /* ProfileModel.swift */,
				1B65FB942B8C78EF006D914F /* UserResponce.swift */,
			);
			path = Models;
			sourceTree = "<group>";
		};
		1BBC92D42B6E5E860003F386 /* Network */ = {
			isa = PBXGroup;
			children = (
				1BBC92D52B6E5FC30003F386 /* OAuth2Service.swift */,
				1BBC92D92B6FEF380003F386 /* HTTPMethod.swift */,
				1B65FB8C2B8A6847006D914F /* ProfileService.swift */,
				1B65FB922B8C7881006D914F /* ProfileImageService.swift */,
			);
			path = Network;
			sourceTree = "<group>";
		};
		1BF87D952B430A5C003A8E29 /* ImagesList */ = {
			isa = PBXGroup;
			children = (
				1BF87D932B430A13003A8E29 /* ImagesListCell.swift */,
				1B28A4482B3D508C0061E874 /* ImagesListViewController.swift */,
				1BD0B3FC2B597B44001D4CE3 /* SingleImageViewController.swift */,
			);
			path = ImagesList;
			sourceTree = "<group>";
		};
/* End PBXGroup section */

/* Begin PBXNativeTarget section */
		1B28A4402B3D508C0061E874 /* ImageFeed */ = {
			isa = PBXNativeTarget;
			buildConfigurationList = 1B28A4552B3D508E0061E874 /* Build configuration list for PBXNativeTarget "ImageFeed" */;
			buildPhases = (
				1B28A43D2B3D508C0061E874 /* Sources */,
				1B28A43E2B3D508C0061E874 /* Frameworks */,
				1B28A43F2B3D508C0061E874 /* Resources */,
			);
			buildRules = (
			);
			dependencies = (
			);
			name = ImageFeed;
			packageProductDependencies = (
				1BB3A98F2B7F6D27006329D0 /* ProgressHUD */,
			);
			productName = ImageFeed;
			productReference = 1B28A4412B3D508C0061E874 /* ImageFeed.app */;
			productType = "com.apple.product-type.application";
		};
/* End PBXNativeTarget section */

/* Begin PBXProject section */
		1B28A4392B3D508C0061E874 /* Project object */ = {
			isa = PBXProject;
			attributes = {
				BuildIndependentTargetsInParallel = 1;
				LastSwiftUpdateCheck = 1500;
				LastUpgradeCheck = 1500;
				TargetAttributes = {
					1B28A4402B3D508C0061E874 = {
						CreatedOnToolsVersion = 15.0.1;
					};
				};
			};
			buildConfigurationList = 1B28A43C2B3D508C0061E874 /* Build configuration list for PBXProject "ImageFeed" */;
			compatibilityVersion = "Xcode 14.0";
			developmentRegion = en;
			hasScannedForEncodings = 0;
			knownRegions = (
				en,
				Base,
			);
			mainGroup = 1B28A4382B3D508C0061E874;
			packageReferences = (
				1BB3A98E2B7F6D27006329D0 /* XCRemoteSwiftPackageReference "ProgressHUD" */,
			);
			productRefGroup = 1B28A4422B3D508C0061E874 /* Products */;
			projectDirPath = "";
			projectRoot = "";
			targets = (
				1B28A4402B3D508C0061E874 /* ImageFeed */,
			);
		};
/* End PBXProject section */

/* Begin PBXResourcesBuildPhase section */
		1B28A43F2B3D508C0061E874 /* Resources */ = {
			isa = PBXResourcesBuildPhase;
			buildActionMask = 2147483647;
			files = (
				1B28A4512B3D508E0061E874 /* LaunchScreen.storyboard in Resources */,
				1B28A44E2B3D508E0061E874 /* Assets.xcassets in Resources */,
				1B28A44C2B3D508C0061E874 /* Main.storyboard in Resources */,
			);
			runOnlyForDeploymentPostprocessing = 0;
		};
/* End PBXResourcesBuildPhase section */

/* Begin PBXSourcesBuildPhase section */
		1B28A43D2B3D508C0061E874 /* Sources */ = {
			isa = PBXSourcesBuildPhase;
			buildActionMask = 2147483647;
			files = (
				1BB845612B6C0E3F00626DE1 /* WebViewViewController.swift in Sources */,
				1B5017802B58EDD200CEE9E6 /* ProfileViewController.swift in Sources */,
				1BBC92DA2B6FEF380003F386 /* HTTPMethod.swift in Sources */,
				1B65FB8B2B8A4782006D914F /* UIBlockingProgressHUD.swift in Sources */,
				1B65FB912B8B9F42006D914F /* ProfileModel.swift in Sources */,
				1BBC92D62B6E5FC30003F386 /* OAuth2Service.swift in Sources */,
				1B28A4492B3D508C0061E874 /* ImagesListViewController.swift in Sources */,
				1BF87D942B430A13003A8E29 /* ImagesListCell.swift in Sources */,
				1B65FB8D2B8A6847006D914F /* ProfileService.swift in Sources */,
				1BBC92D32B6E5C230003F386 /* OAuthTokenResponseBody.swift in Sources */,
				1B65FB992B8F0C62006D914F /* URLSession+data.swift in Sources */,
				1BD0B3FD2B597B44001D4CE3 /* SingleImageViewController.swift in Sources */,
				1B28A4452B3D508C0061E874 /* AppDelegate.swift in Sources */,
				1B4DD9892B70BB47004DCC35 /* SplashViewController.swift in Sources */,
				1B927FB82B57C0DA003E0030 /* Date + Extension.swift in Sources */,
				1B28A4472B3D508C0061E874 /* SceneDelegate.swift in Sources */,
				1BB8455F2B6C035600626DE1 /* AuthViewController.swift in Sources */,
				1BBC92D82B6E6EBD0003F386 /* OAuth2TokenStorage.swift in Sources */,
				1B65FB932B8C7881006D914F /* ProfileImageService.swift in Sources */,
				1B65FB8F2B8A6874006D914F /* ProfileResponse.swift in Sources */,
				1B65FB952B8C78EF006D914F /* UserResponce.swift in Sources */,
				1BB8455C2B6BFD4800626DE1 /* Constants.swift in Sources */,
			);
			runOnlyForDeploymentPostprocessing = 0;
		};
/* End PBXSourcesBuildPhase section */

/* Begin PBXVariantGroup section */
		1B28A44A2B3D508C0061E874 /* Main.storyboard */ = {
			isa = PBXVariantGroup;
			children = (
				1B28A44B2B3D508C0061E874 /* Base */,
			);
			name = Main.storyboard;
			sourceTree = "<group>";
		};
		1B28A44F2B3D508E0061E874 /* LaunchScreen.storyboard */ = {
			isa = PBXVariantGroup;
			children = (
				1B28A4502B3D508E0061E874 /* Base */,
			);
			name = LaunchScreen.storyboard;
			sourceTree = "<group>";
		};
/* End PBXVariantGroup section */

/* Begin XCBuildConfiguration section */
		1B28A4532B3D508E0061E874 /* Debug */ = {
			isa = XCBuildConfiguration;
			buildSettings = {
				ALWAYS_SEARCH_USER_PATHS = NO;
				ASSETCATALOG_COMPILER_GENERATE_SWIFT_ASSET_SYMBOL_EXTENSIONS = YES;
				CLANG_ANALYZER_NONNULL = YES;
				CLANG_ANALYZER_NUMBER_OBJECT_CONVERSION = YES_AGGRESSIVE;
				CLANG_CXX_LANGUAGE_STANDARD = "gnu++20";
				CLANG_ENABLE_MODULES = YES;
				CLANG_ENABLE_OBJC_ARC = YES;
				CLANG_ENABLE_OBJC_WEAK = YES;
				CLANG_WARN_BLOCK_CAPTURE_AUTORELEASING = YES;
				CLANG_WARN_BOOL_CONVERSION = YES;
				CLANG_WARN_COMMA = YES;
				CLANG_WARN_CONSTANT_CONVERSION = YES;
				CLANG_WARN_DEPRECATED_OBJC_IMPLEMENTATIONS = YES;
				CLANG_WARN_DIRECT_OBJC_ISA_USAGE = YES_ERROR;
				CLANG_WARN_DOCUMENTATION_COMMENTS = YES;
				CLANG_WARN_EMPTY_BODY = YES;
				CLANG_WARN_ENUM_CONVERSION = YES;
				CLANG_WARN_INFINITE_RECURSION = YES;
				CLANG_WARN_INT_CONVERSION = YES;
				CLANG_WARN_NON_LITERAL_NULL_CONVERSION = YES;
				CLANG_WARN_OBJC_IMPLICIT_RETAIN_SELF = YES;
				CLANG_WARN_OBJC_LITERAL_CONVERSION = YES;
				CLANG_WARN_OBJC_ROOT_CLASS = YES_ERROR;
				CLANG_WARN_QUOTED_INCLUDE_IN_FRAMEWORK_HEADER = YES;
				CLANG_WARN_RANGE_LOOP_ANALYSIS = YES;
				CLANG_WARN_STRICT_PROTOTYPES = YES;
				CLANG_WARN_SUSPICIOUS_MOVE = YES;
				CLANG_WARN_UNGUARDED_AVAILABILITY = YES_AGGRESSIVE;
				CLANG_WARN_UNREACHABLE_CODE = YES;
				CLANG_WARN__DUPLICATE_METHOD_MATCH = YES;
				COPY_PHASE_STRIP = NO;
				DEBUG_INFORMATION_FORMAT = dwarf;
				ENABLE_STRICT_OBJC_MSGSEND = YES;
				ENABLE_TESTABILITY = YES;
				ENABLE_USER_SCRIPT_SANDBOXING = YES;
				GCC_C_LANGUAGE_STANDARD = gnu17;
				GCC_DYNAMIC_NO_PIC = NO;
				GCC_NO_COMMON_BLOCKS = YES;
				GCC_OPTIMIZATION_LEVEL = 0;
				GCC_PREPROCESSOR_DEFINITIONS = (
					"DEBUG=1",
					"$(inherited)",
				);
				GCC_WARN_64_TO_32_BIT_CONVERSION = YES;
				GCC_WARN_ABOUT_RETURN_TYPE = YES_ERROR;
				GCC_WARN_UNDECLARED_SELECTOR = YES;
				GCC_WARN_UNINITIALIZED_AUTOS = YES_AGGRESSIVE;
				GCC_WARN_UNUSED_FUNCTION = YES;
				GCC_WARN_UNUSED_VARIABLE = YES;
				IPHONEOS_DEPLOYMENT_TARGET = 13.0;
				LOCALIZATION_PREFERS_STRING_CATALOGS = YES;
				MTL_ENABLE_DEBUG_INFO = INCLUDE_SOURCE;
				MTL_FAST_MATH = YES;
				ONLY_ACTIVE_ARCH = YES;
				SDKROOT = iphoneos;
				SWIFT_ACTIVE_COMPILATION_CONDITIONS = "DEBUG $(inherited)";
				SWIFT_OPTIMIZATION_LEVEL = "-Onone";
			};
			name = Debug;
		};
		1B28A4542B3D508E0061E874 /* Release */ = {
			isa = XCBuildConfiguration;
			buildSettings = {
				ALWAYS_SEARCH_USER_PATHS = NO;
				ASSETCATALOG_COMPILER_GENERATE_SWIFT_ASSET_SYMBOL_EXTENSIONS = YES;
				CLANG_ANALYZER_NONNULL = YES;
				CLANG_ANALYZER_NUMBER_OBJECT_CONVERSION = YES_AGGRESSIVE;
				CLANG_CXX_LANGUAGE_STANDARD = "gnu++20";
				CLANG_ENABLE_MODULES = YES;
				CLANG_ENABLE_OBJC_ARC = YES;
				CLANG_ENABLE_OBJC_WEAK = YES;
				CLANG_WARN_BLOCK_CAPTURE_AUTORELEASING = YES;
				CLANG_WARN_BOOL_CONVERSION = YES;
				CLANG_WARN_COMMA = YES;
				CLANG_WARN_CONSTANT_CONVERSION = YES;
				CLANG_WARN_DEPRECATED_OBJC_IMPLEMENTATIONS = YES;
				CLANG_WARN_DIRECT_OBJC_ISA_USAGE = YES_ERROR;
				CLANG_WARN_DOCUMENTATION_COMMENTS = YES;
				CLANG_WARN_EMPTY_BODY = YES;
				CLANG_WARN_ENUM_CONVERSION = YES;
				CLANG_WARN_INFINITE_RECURSION = YES;
				CLANG_WARN_INT_CONVERSION = YES;
				CLANG_WARN_NON_LITERAL_NULL_CONVERSION = YES;
				CLANG_WARN_OBJC_IMPLICIT_RETAIN_SELF = YES;
				CLANG_WARN_OBJC_LITERAL_CONVERSION = YES;
				CLANG_WARN_OBJC_ROOT_CLASS = YES_ERROR;
				CLANG_WARN_QUOTED_INCLUDE_IN_FRAMEWORK_HEADER = YES;
				CLANG_WARN_RANGE_LOOP_ANALYSIS = YES;
				CLANG_WARN_STRICT_PROTOTYPES = YES;
				CLANG_WARN_SUSPICIOUS_MOVE = YES;
				CLANG_WARN_UNGUARDED_AVAILABILITY = YES_AGGRESSIVE;
				CLANG_WARN_UNREACHABLE_CODE = YES;
				CLANG_WARN__DUPLICATE_METHOD_MATCH = YES;
				COPY_PHASE_STRIP = NO;
				DEBUG_INFORMATION_FORMAT = "dwarf-with-dsym";
				ENABLE_NS_ASSERTIONS = NO;
				ENABLE_STRICT_OBJC_MSGSEND = YES;
				ENABLE_USER_SCRIPT_SANDBOXING = YES;
				GCC_C_LANGUAGE_STANDARD = gnu17;
				GCC_NO_COMMON_BLOCKS = YES;
				GCC_WARN_64_TO_32_BIT_CONVERSION = YES;
				GCC_WARN_ABOUT_RETURN_TYPE = YES_ERROR;
				GCC_WARN_UNDECLARED_SELECTOR = YES;
				GCC_WARN_UNINITIALIZED_AUTOS = YES_AGGRESSIVE;
				GCC_WARN_UNUSED_FUNCTION = YES;
				GCC_WARN_UNUSED_VARIABLE = YES;
				IPHONEOS_DEPLOYMENT_TARGET = 13.0;
				LOCALIZATION_PREFERS_STRING_CATALOGS = YES;
				MTL_ENABLE_DEBUG_INFO = NO;
				MTL_FAST_MATH = YES;
				SDKROOT = iphoneos;
				SWIFT_COMPILATION_MODE = wholemodule;
				VALIDATE_PRODUCT = YES;
			};
			name = Release;
		};
		1B28A4562B3D508E0061E874 /* Debug */ = {
			isa = XCBuildConfiguration;
			buildSettings = {
				ASSETCATALOG_COMPILER_APPICON_NAME = AppIcon;
				ASSETCATALOG_COMPILER_GLOBAL_ACCENT_COLOR_NAME = AccentColor;
				CODE_SIGN_STYLE = Automatic;
				CURRENT_PROJECT_VERSION = 1;
				DEVELOPMENT_TEAM = 3BS8U293ZS;
				GENERATE_INFOPLIST_FILE = YES;
				INFOPLIST_FILE = ImageFeed/Resources/Info.plist;
				INFOPLIST_KEY_UIApplicationSupportsIndirectInputEvents = YES;
				INFOPLIST_KEY_UILaunchStoryboardName = LaunchScreen;
				INFOPLIST_KEY_UIMainStoryboardFile = Main;
				INFOPLIST_KEY_UISupportedInterfaceOrientations = UIInterfaceOrientationPortrait;
				INFOPLIST_KEY_UISupportedInterfaceOrientations_iPad = "UIInterfaceOrientationLandscapeLeft UIInterfaceOrientationLandscapeRight";
				IPHONEOS_DEPLOYMENT_TARGET = 13.0;
				LD_RUNPATH_SEARCH_PATHS = (
					"$(inherited)",
					"@executable_path/Frameworks",
				);
				MARKETING_VERSION = 1.0;
				PRODUCT_BUNDLE_IDENTIFIER = ru.aatapalov.ImageFeed;
				PRODUCT_NAME = "$(TARGET_NAME)";
				SUPPORTED_PLATFORMS = "iphoneos iphonesimulator";
				SUPPORTS_MACCATALYST = NO;
				SWIFT_EMIT_LOC_STRINGS = YES;
				SWIFT_VERSION = 5.0;
				TARGETED_DEVICE_FAMILY = 1;
			};
			name = Debug;
		};
		1B28A4572B3D508E0061E874 /* Release */ = {
			isa = XCBuildConfiguration;
			buildSettings = {
				ASSETCATALOG_COMPILER_APPICON_NAME = AppIcon;
				ASSETCATALOG_COMPILER_GLOBAL_ACCENT_COLOR_NAME = AccentColor;
				CODE_SIGN_STYLE = Automatic;
				CURRENT_PROJECT_VERSION = 1;
				DEVELOPMENT_TEAM = 3BS8U293ZS;
				GENERATE_INFOPLIST_FILE = YES;
				INFOPLIST_FILE = ImageFeed/Resources/Info.plist;
				INFOPLIST_KEY_UIApplicationSupportsIndirectInputEvents = YES;
				INFOPLIST_KEY_UILaunchStoryboardName = LaunchScreen;
				INFOPLIST_KEY_UIMainStoryboardFile = Main;
				INFOPLIST_KEY_UISupportedInterfaceOrientations = UIInterfaceOrientationPortrait;
				INFOPLIST_KEY_UISupportedInterfaceOrientations_iPad = "UIInterfaceOrientationLandscapeLeft UIInterfaceOrientationLandscapeRight";
				IPHONEOS_DEPLOYMENT_TARGET = 13.0;
				LD_RUNPATH_SEARCH_PATHS = (
					"$(inherited)",
					"@executable_path/Frameworks",
				);
				MARKETING_VERSION = 1.0;
				PRODUCT_BUNDLE_IDENTIFIER = ru.aatapalov.ImageFeed;
				PRODUCT_NAME = "$(TARGET_NAME)";
				SUPPORTED_PLATFORMS = "iphoneos iphonesimulator";
				SUPPORTS_MACCATALYST = NO;
				SWIFT_EMIT_LOC_STRINGS = YES;
				SWIFT_VERSION = 5.0;
				TARGETED_DEVICE_FAMILY = 1;
			};
			name = Release;
		};
/* End XCBuildConfiguration section */

/* Begin XCConfigurationList section */
		1B28A43C2B3D508C0061E874 /* Build configuration list for PBXProject "ImageFeed" */ = {
			isa = XCConfigurationList;
			buildConfigurations = (
				1B28A4532B3D508E0061E874 /* Debug */,
				1B28A4542B3D508E0061E874 /* Release */,
			);
			defaultConfigurationIsVisible = 0;
			defaultConfigurationName = Release;
		};
		1B28A4552B3D508E0061E874 /* Build configuration list for PBXNativeTarget "ImageFeed" */ = {
			isa = XCConfigurationList;
			buildConfigurations = (
				1B28A4562B3D508E0061E874 /* Debug */,
				1B28A4572B3D508E0061E874 /* Release */,
			);
			defaultConfigurationIsVisible = 0;
			defaultConfigurationName = Release;
		};
/* End XCConfigurationList section */

/* Begin XCRemoteSwiftPackageReference section */
		1BB3A98E2B7F6D27006329D0 /* XCRemoteSwiftPackageReference "ProgressHUD" */ = {
			isa = XCRemoteSwiftPackageReference;
			repositoryURL = "https://github.com/relatedcode/ProgressHUD";
			requirement = {
				kind = upToNextMajorVersion;
				minimumVersion = 14.1.1;
			};
		};
/* End XCRemoteSwiftPackageReference section */

/* Begin XCSwiftPackageProductDependency section */
		1BB3A98F2B7F6D27006329D0 /* ProgressHUD */ = {
			isa = XCSwiftPackageProductDependency;
			package = 1BB3A98E2B7F6D27006329D0 /* XCRemoteSwiftPackageReference "ProgressHUD" */;
			productName = ProgressHUD;
		};
/* End XCSwiftPackageProductDependency section */
	};
	rootObject = 1B28A4392B3D508C0061E874 /* Project object */;
}
